
Microsoft Visual Studio Solution File, Format Version 12.00
# Visual Studio Version 17
VisualStudioVersion = 17.7.34302.85
MinimumVisualStudioVersion = 10.0.40219.1
Project("{2150E333-8FDC-42A3-9474-1A3956D46DE8}") = "2. service", "2. service", "{5FCCBFAD-14FD-46FB-B04F-9929B8C7D301}"
EndProject
Project("{2150E333-8FDC-42A3-9474-1A3956D46DE8}") = "3. application", "3. application", "{F610DF83-159E-4AED-9238-D9005DBC1FFA}"
EndProject
Project("{2150E333-8FDC-42A3-9474-1A3956D46DE8}") = "1. presentation", "1. presentation", "{06634516-A711-46A2-BFE4-2F8336EF93D5}"
EndProject
Project("{2150E333-8FDC-42A3-9474-1A3956D46DE8}") = "6. crossCutting", "6. crossCutting", "{43A51ED4-B605-4383-A4F2-7148D292873C}"
EndProject
Project("{2150E333-8FDC-42A3-9474-1A3956D46DE8}") = "4. domain", "4. domain", "{E7FDF9BA-69C1-4776-B364-A0112F647052}"
EndProject
Project("{2150E333-8FDC-42A3-9474-1A3956D46DE8}") = "5. infra", "5. infra", "{03B47945-47E0-4CC9-8611-B3AF71A82AC3}"
EndProject
Project("{2150E333-8FDC-42A3-9474-1A3956D46DE8}") = "data", "data", "{2D9502D3-AF8E-4C44-8962-C72DDD12561A}"
EndProject
Project("{2150E333-8FDC-42A3-9474-1A3956D46DE8}") = "src", "src", "{748592B0-2671-4A23-8E7F-98BA185F1281}"
EndProject
Project("{2150E333-8FDC-42A3-9474-1A3956D46DE8}") = "tests", "tests", "{1D0F147F-392C-4E45-86C2-CFAD0C458461}"
EndProject
Project("{9A19103F-16F7-4668-BE54-9A1E7A4F7556}") = "equipmentManagement.api.input", "src\equipmentManagement.api.input\equipmentManagement.api.input.csproj", "{72FA2DCB-BA90-4792-B8E1-24D260759CBF}"
EndProject
Project("{9A19103F-16F7-4668-BE54-9A1E7A4F7556}") = "equipmentManagement.api.output", "src\equipmentManagement.api.output\equipmentManagement.api.output.csproj", "{73E52D5D-06CC-49DF-A17A-99BBA4D01F37}"
EndProject
Project("{9A19103F-16F7-4668-BE54-9A1E7A4F7556}") = "equipmentManagement.application.input", "src\equipmentManagement.application.input\equipmentManagement.application.input.csproj", "{322772C3-004D-416A-89A9-2CF6D69CE463}"
EndProject
Project("{9A19103F-16F7-4668-BE54-9A1E7A4F7556}") = "equipmentManagement.application.output", "src\equipmentManagement.application.output\equipmentManagement.application.output.csproj", "{DF1FF81F-8D36-40E9-87D1-B9E0F0B0010C}"
EndProject
Project("{9A19103F-16F7-4668-BE54-9A1E7A4F7556}") = "equipmentManagement.domain", "src\equipmentManagement.domain\equipmentManagement.domain.csproj", "{F9FDC2C6-D859-4B5A-9CAB-1D1373F47F8A}"
EndProject
Project("{9A19103F-16F7-4668-BE54-9A1E7A4F7556}") = "equipmentManagement.domain.shared", "src\equipmentManagement.domain.shared\equipmentManagement.domain.shared.csproj", "{66848C80-1D4E-4ED8-96D8-A2E444F01440}"
EndProject
Project("{9A19103F-16F7-4668-BE54-9A1E7A4F7556}") = "equipmentManagement.infra.data.input", "src\equipmentManagement.infra.data.input\equipmentManagement.infra.data.input.csproj", "{0DE466A4-B204-4F5B-842F-AFBD0C7EFB99}"
EndProject
Project("{9A19103F-16F7-4668-BE54-9A1E7A4F7556}") = "equipmentManagement.infra.data.output", "src\equipmentManagement.infra.data.output\equipmentManagement.infra.data.output.csproj", "{BBE5E667-79ED-4D03-9B60-44166EF019D6}"
EndProject
Project("{9A19103F-16F7-4668-BE54-9A1E7A4F7556}") = "equipmentManagement.tests.common", "test\equipmentManagement.tests.common\equipmentManagement.tests.common.csproj", "{DC72A4EB-7946-459A-9E84-F8EC45E3A3A1}"
EndProject
Project("{9A19103F-16F7-4668-BE54-9A1E7A4F7556}") = "equipmentManagement.tests.integration", "test\equipmentManagement.tests.integration\equipmentManagement.tests.integration.csproj", "{26F69AED-A771-4575-A4A7-366F7EA751BD}"
EndProject
Project("{9A19103F-16F7-4668-BE54-9A1E7A4F7556}") = "equipmentManagement.tests.unit", "test\equipmentManagement.unitTests\equipmentManagement.tests.unit.csproj", "{82209CE1-1145-494D-BE05-94CC44AA65B7}"
EndProject
Project("{FAE04EC0-301F-11D3-BF4B-00C04F79EFBC}") = "equipmentManagement.crossCutting.dependencyInjection", "equipmentManagement.crossCutting.dependencyInjection\equipmentManagement.crossCutting.dependencyInjection.csproj", "{93E9D073-D1DC-451D-9509-C76AC9D541B9}"
EndProject
Global
	GlobalSection(SolutionConfigurationPlatforms) = preSolution
		Debug|Any CPU = Debug|Any CPU
		Release|Any CPU = Release|Any CPU
	EndGlobalSection
	GlobalSection(ProjectConfigurationPlatforms) = postSolution
		{72FA2DCB-BA90-4792-B8E1-24D260759CBF}.Debug|Any CPU.ActiveCfg = Debug|Any CPU
		{72FA2DCB-BA90-4792-B8E1-24D260759CBF}.Debug|Any CPU.Build.0 = Debug|Any CPU
		{72FA2DCB-BA90-4792-B8E1-24D260759CBF}.Release|Any CPU.ActiveCfg = Release|Any CPU
		{72FA2DCB-BA90-4792-B8E1-24D260759CBF}.Release|Any CPU.Build.0 = Release|Any CPU
		{73E52D5D-06CC-49DF-A17A-99BBA4D01F37}.Debug|Any CPU.ActiveCfg = Debug|Any CPU
		{73E52D5D-06CC-49DF-A17A-99BBA4D01F37}.Debug|Any CPU.Build.0 = Debug|Any CPU
		{73E52D5D-06CC-49DF-A17A-99BBA4D01F37}.Release|Any CPU.ActiveCfg = Release|Any CPU
		{73E52D5D-06CC-49DF-A17A-99BBA4D01F37}.Release|Any CPU.Build.0 = Release|Any CPU
		{322772C3-004D-416A-89A9-2CF6D69CE463}.Debug|Any CPU.ActiveCfg = Debug|Any CPU
		{322772C3-004D-416A-89A9-2CF6D69CE463}.Debug|Any CPU.Build.0 = Debug|Any CPU
		{322772C3-004D-416A-89A9-2CF6D69CE463}.Release|Any CPU.ActiveCfg = Release|Any CPU
		{322772C3-004D-416A-89A9-2CF6D69CE463}.Release|Any CPU.Build.0 = Release|Any CPU
		{DF1FF81F-8D36-40E9-87D1-B9E0F0B0010C}.Debug|Any CPU.ActiveCfg = Debug|Any CPU
		{DF1FF81F-8D36-40E9-87D1-B9E0F0B0010C}.Debug|Any CPU.Build.0 = Debug|Any CPU
		{DF1FF81F-8D36-40E9-87D1-B9E0F0B0010C}.Release|Any CPU.ActiveCfg = Release|Any CPU
		{DF1FF81F-8D36-40E9-87D1-B9E0F0B0010C}.Release|Any CPU.Build.0 = Release|Any CPU
		{F9FDC2C6-D859-4B5A-9CAB-1D1373F47F8A}.Debug|Any CPU.ActiveCfg = Debug|Any CPU
		{F9FDC2C6-D859-4B5A-9CAB-1D1373F47F8A}.Debug|Any CPU.Build.0 = Debug|Any CPU
		{F9FDC2C6-D859-4B5A-9CAB-1D1373F47F8A}.Release|Any CPU.ActiveCfg = Release|Any CPU
		{F9FDC2C6-D859-4B5A-9CAB-1D1373F47F8A}.Release|Any CPU.Build.0 = Release|Any CPU
		{66848C80-1D4E-4ED8-96D8-A2E444F01440}.Debug|Any CPU.ActiveCfg = Debug|Any CPU
		{66848C80-1D4E-4ED8-96D8-A2E444F01440}.Debug|Any CPU.Build.0 = Debug|Any CPU
		{66848C80-1D4E-4ED8-96D8-A2E444F01440}.Release|Any CPU.ActiveCfg = Release|Any CPU
		{66848C80-1D4E-4ED8-96D8-A2E444F01440}.Release|Any CPU.Build.0 = Release|Any CPU
		{0DE466A4-B204-4F5B-842F-AFBD0C7EFB99}.Debug|Any CPU.ActiveCfg = Debug|Any CPU
		{0DE466A4-B204-4F5B-842F-AFBD0C7EFB99}.Debug|Any CPU.Build.0 = Debug|Any CPU
		{0DE466A4-B204-4F5B-842F-AFBD0C7EFB99}.Release|Any CPU.ActiveCfg = Release|Any CPU
		{0DE466A4-B204-4F5B-842F-AFBD0C7EFB99}.Release|Any CPU.Build.0 = Release|Any CPU
		{BBE5E667-79ED-4D03-9B60-44166EF019D6}.Debug|Any CPU.ActiveCfg = Debug|Any CPU
		{BBE5E667-79ED-4D03-9B60-44166EF019D6}.Debug|Any CPU.Build.0 = Debug|Any CPU
		{BBE5E667-79ED-4D03-9B60-44166EF019D6}.Release|Any CPU.ActiveCfg = Release|Any CPU
		{BBE5E667-79ED-4D03-9B60-44166EF019D6}.Release|Any CPU.Build.0 = Release|Any CPU
		{DC72A4EB-7946-459A-9E84-F8EC45E3A3A1}.Debug|Any CPU.ActiveCfg = Debug|Any CPU
		{DC72A4EB-7946-459A-9E84-F8EC45E3A3A1}.Debug|Any CPU.Build.0 = Debug|Any CPU
		{DC72A4EB-7946-459A-9E84-F8EC45E3A3A1}.Release|Any CPU.ActiveCfg = Release|Any CPU
		{DC72A4EB-7946-459A-9E84-F8EC45E3A3A1}.Release|Any CPU.Build.0 = Release|Any CPU
		{26F69AED-A771-4575-A4A7-366F7EA751BD}.Debug|Any CPU.ActiveCfg = Debug|Any CPU
		{26F69AED-A771-4575-A4A7-366F7EA751BD}.Debug|Any CPU.Build.0 = Debug|Any CPU
		{26F69AED-A771-4575-A4A7-366F7EA751BD}.Release|Any CPU.ActiveCfg = Release|Any CPU
		{26F69AED-A771-4575-A4A7-366F7EA751BD}.Release|Any CPU.Build.0 = Release|Any CPU
		{82209CE1-1145-494D-BE05-94CC44AA65B7}.Debug|Any CPU.ActiveCfg = Debug|Any CPU
		{82209CE1-1145-494D-BE05-94CC44AA65B7}.Debug|Any CPU.Build.0 = Debug|Any CPU
		{82209CE1-1145-494D-BE05-94CC44AA65B7}.Release|Any CPU.ActiveCfg = Release|Any CPU
		{82209CE1-1145-494D-BE05-94CC44AA65B7}.Release|Any CPU.Build.0 = Release|Any CPU
		{93E9D073-D1DC-451D-9509-C76AC9D541B9}.Debug|Any CPU.ActiveCfg = Debug|Any CPU
		{93E9D073-D1DC-451D-9509-C76AC9D541B9}.Debug|Any CPU.Build.0 = Debug|Any CPU
		{93E9D073-D1DC-451D-9509-C76AC9D541B9}.Release|Any CPU.ActiveCfg = Release|Any CPU
		{93E9D073-D1DC-451D-9509-C76AC9D541B9}.Release|Any CPU.Build.0 = Release|Any CPU
	EndGlobalSection
	GlobalSection(SolutionProperties) = preSolution
		HideSolutionNode = FALSE
	EndGlobalSection
	GlobalSection(NestedProjects) = preSolution
		{5FCCBFAD-14FD-46FB-B04F-9929B8C7D301} = {748592B0-2671-4A23-8E7F-98BA185F1281}
		{F610DF83-159E-4AED-9238-D9005DBC1FFA} = {748592B0-2671-4A23-8E7F-98BA185F1281}
		{06634516-A711-46A2-BFE4-2F8336EF93D5} = {748592B0-2671-4A23-8E7F-98BA185F1281}
		{43A51ED4-B605-4383-A4F2-7148D292873C} = {748592B0-2671-4A23-8E7F-98BA185F1281}
		{E7FDF9BA-69C1-4776-B364-A0112F647052} = {748592B0-2671-4A23-8E7F-98BA185F1281}
		{03B47945-47E0-4CC9-8611-B3AF71A82AC3} = {748592B0-2671-4A23-8E7F-98BA185F1281}
		{2D9502D3-AF8E-4C44-8962-C72DDD12561A} = {03B47945-47E0-4CC9-8611-B3AF71A82AC3}
		{72FA2DCB-BA90-4792-B8E1-24D260759CBF} = {5FCCBFAD-14FD-46FB-B04F-9929B8C7D301}
		{73E52D5D-06CC-49DF-A17A-99BBA4D01F37} = {5FCCBFAD-14FD-46FB-B04F-9929B8C7D301}
		{322772C3-004D-416A-89A9-2CF6D69CE463} = {F610DF83-159E-4AED-9238-D9005DBC1FFA}
		{DF1FF81F-8D36-40E9-87D1-B9E0F0B0010C} = {F610DF83-159E-4AED-9238-D9005DBC1FFA}
		{F9FDC2C6-D859-4B5A-9CAB-1D1373F47F8A} = {E7FDF9BA-69C1-4776-B364-A0112F647052}
		{66848C80-1D4E-4ED8-96D8-A2E444F01440} = {E7FDF9BA-69C1-4776-B364-A0112F647052}
		{0DE466A4-B204-4F5B-842F-AFBD0C7EFB99} = {2D9502D3-AF8E-4C44-8962-C72DDD12561A}
		{BBE5E667-79ED-4D03-9B60-44166EF019D6} = {2D9502D3-AF8E-4C44-8962-C72DDD12561A}
		{DC72A4EB-7946-459A-9E84-F8EC45E3A3A1} = {1D0F147F-392C-4E45-86C2-CFAD0C458461}
		{26F69AED-A771-4575-A4A7-366F7EA751BD} = {1D0F147F-392C-4E45-86C2-CFAD0C458461}
		{82209CE1-1145-494D-BE05-94CC44AA65B7} = {1D0F147F-392C-4E45-86C2-CFAD0C458461}
		{93E9D073-D1DC-451D-9509-C76AC9D541B9} = {43A51ED4-B605-4383-A4F2-7148D292873C}
	EndGlobalSection
	GlobalSection(ExtensibilityGlobals) = postSolution
		SolutionGuid = {B9FABDF4-2F43-48DA-BDA2-07169131E81C}
	EndGlobalSection
EndGlobal
